
Microsoft Visual Studio Solution File, Format Version 12.00
# Visual Studio Version 17
VisualStudioVersion = 17.6.33829.357
MinimumVisualStudioVersion = 10.0.40219.1
Project("{FAE04EC0-301F-11D3-BF4B-00C04F79EFBC}") = "E-Shop", "E-Shop\E-Shop.csproj", "{E8E7662F-88A3-4277-A5B6-0B56522EE3D5}"
EndProject
Global
	GlobalSection(SolutionConfigurationPlatforms) = preSolution
		Debug|Any CPU = Debug|Any CPU
		Release|Any CPU = Release|Any CPU
	EndGlobalSection
	GlobalSection(ProjectConfigurationPlatforms) = postSolution
		{E8E7662F-88A3-4277-A5B6-0B56522EE3D5}.Debug|Any CPU.ActiveCfg = Debug|Any CPU
		{E8E7662F-88A3-4277-A5B6-0B56522EE3D5}.Debug|Any CPU.Build.0 = Debug|Any CPU
		{E8E7662F-88A3-4277-A5B6-0B56522EE3D5}.Release|Any CPU.ActiveCfg = Release|Any CPU
		{E8E7662F-88A3-4277-A5B6-0B56522EE3D5}.Release|Any CPU.Build.0 = Release|Any CPU
	EndGlobalSection
	GlobalSection(SolutionProperties) = preSolution
		HideSolutionNode = FALSE
	EndGlobalSection
	GlobalSection(ExtensibilityGlobals) = postSolution
		SolutionGuid = {D4F7CD73-816E-462D-B3C7-1F7D1393E3D0}
	EndGlobalSection
EndGlobal
